dependencies:
- name: neurox-control-api
  repository: oci://ghcr.io/neuroxhq/dev-helm-charts
  version: 2.176.1
- name: neurox-control-portal
  repository: oci://ghcr.io/neuroxhq/dev-helm-charts
  version: 1.190.0
- name: redis
  repository: oci://registry-1.docker.io/bitnamicharts
  version: 20.11.3
- name: neurox-control-scheduler
  repository: oci://ghcr.io/neuroxhq/dev-helm-charts
  version: 1.89.1
- name: thanos
  repository: oci://registry-1.docker.io/bitnamicharts
  version: 15.13.2
- name: neurox-workload
  repository: oci://ghcr.io/neuroxhq/dev-helm-charts
  version: 1.14.6
digest: sha256:6411c92d37be5120cdcff06658301bc124d44d2f778b4f04dc55c57257706413
generated: "2025-03-13T19:55:02.600149661Z"
